// !$*UTF8*$!
{
	archiveVersion = 1;
	classes = {
	};
	objectVersion = 50;
	objects = {

/* Begin PBXBuildFile section */
		F0E46F672372E7D800750491 /* AppDelegate.swift in Sources */ = {isa = PBXBuildFile; fileRef = F0E46F662372E7D800750491 /* AppDelegate.swift */; };
		F0E46F692372E7D800750491 /* SceneDelegate.swift in Sources */ = {isa = PBXBuildFile; fileRef = F0E46F682372E7D800750491 /* SceneDelegate.swift */; };
		F0E46F6B2372E7D800750491 /* ViewController.swift in Sources */ = {isa = PBXBuildFile; fileRef = F0E46F6A2372E7D800750491 /* ViewController.swift */; };
		F0E46F6E2372E7D800750491 /* Main.storyboard in Resources */ = {isa = PBXBuildFile; fileRef = F0E46F6C2372E7D800750491 /* Main.storyboard */; };
		F0E46F702372E7D900750491 /* Assets.xcassets in Resources */ = {isa = PBXBuildFile; fileRef = F0E46F6F2372E7D900750491 /* Assets.xcassets */; };
		F0E46F732372E7D900750491 /* LaunchScreen.storyboard in Resources */ = {isa = PBXBuildFile; fileRef = F0E46F712372E7D900750491 /* LaunchScreen.storyboard */; };
		F0E46F7E2372E7D900750491 /* DouYuAppTests.swift in Sources */ = {isa = PBXBuildFile; fileRef = F0E46F7D2372E7D900750491 /* DouYuAppTests.swift */; };
		F0E46F892372E7D900750491 /* DouYuAppUITests.swift in Sources */ = {isa = PBXBuildFile; fileRef = F0E46F882372E7D900750491 /* DouYuAppUITests.swift */; };
/* End PBXBuildFile section */

/* Begin PBXContainerItemProxy section */
		F0E46F7A2372E7D900750491 /* PBXContainerItemProxy */ = {
			isa = PBXContainerItemProxy;
			containerPortal = F0E46F5B2372E7D800750491 /* Project object */;
			proxyType = 1;
			remoteGlobalIDString = F0E46F622372E7D800750491;
			remoteInfo = DouYuApp;
		};
		F0E46F852372E7D900750491 /* PBXContainerItemProxy */ = {
			isa = PBXContainerItemProxy;
			containerPortal = F0E46F5B2372E7D800750491 /* Project object */;
			proxyType = 1;
			remoteGlobalIDString = F0E46F622372E7D800750491;
			remoteInfo = DouYuApp;
		};
/* End PBXContainerItemProxy section */

/* Begin PBXFileReference section */
		F0E46F632372E7D800750491 /* DouYuApp.app */ = {isa = PBXFileReference; explicitFileType = wrapper.application; includeInIndex = 0; path = DouYuApp.app; sourceTree = BUILT_PRODUCTS_DIR; };
		F0E46F662372E7D800750491 /* AppDelegate.swift */ = {isa = PBXFileReference; lastKnownFileType = sourcecode.swift; path = AppDelegate.swift; sourceTree = "<group>"; };
		F0E46F682372E7D800750491 /* SceneDelegate.swift */ = {isa = PBXFileReference; lastKnownFileType = sourcecode.swift; path = SceneDelegate.swift; sourceTree = "<group>"; };
		F0E46F6A2372E7D800750491 /* ViewController.swift */ = {isa = PBXFileReference; lastKnownFileType = sourcecode.swift; path = ViewController.swift; sourceTree = "<group>"; };
		F0E46F6D2372E7D800750491 /* Base */ = {isa = PBXFileReference; lastKnownFileType = file.storyboard; name = Base; path = Base.lproj/Main.storyboard; sourceTree = "<group>"; };
		F0E46F6F2372E7D900750491 /* Assets.xcassets */ = {isa = PBXFileReference; lastKnownFileType = folder.assetcatalog; path = Assets.xcassets; sourceTree = "<group>"; };
		F0E46F722372E7D900750491 /* Base */ = {isa = PBXFileReference; lastKnownFileType = file.storyboard; name = Base; path = Base.lproj/LaunchScreen.storyboard; sourceTree = "<group>"; };
		F0E46F742372E7D900750491 /* Info.plist */ = {isa = PBXFileReference; lastKnownFileType = text.plist.xml; path = Info.plist; sourceTree = "<group>"; };
		F0E46F792372E7D900750491 /* DouYuAppTests.xctest */ = {isa = PBXFileReference; explicitFileType = wrapper.cfbundle; includeInIndex = 0; path = DouYuAppTests.xctest; sourceTree = BUILT_PRODUCTS_DIR; };
		F0E46F7D2372E7D900750491 /* DouYuAppTests.swift */ = {isa = PBXFileReference; lastKnownFileType = sourcecode.swift; path = DouYuAppTests.swift; sourceTree = "<group>"; };
		F0E46F7F2372E7D900750491 /* Info.plist */ = {isa = PBXFileReference; lastKnownFileType = text.plist.xml; path = Info.plist; sourceTree = "<group>"; };
		F0E46F842372E7D900750491 /* DouYuAppUITests.xctest */ = {isa = PBXFileReference; explicitFileType = wrapper.cfbundle; includeInIndex = 0; path = DouYuAppUITests.xctest; sourceTree = BUILT_PRODUCTS_DIR; };
		F0E46F882372E7D900750491 /* DouYuAppUITests.swift */ = {isa = PBXFileReference; lastKnownFileType = sourcecode.swift; path = DouYuAppUITests.swift; sourceTree = "<group>"; };
		F0E46F8A2372E7D900750491 /* Info.plist */ = {isa = PBXFileReference; lastKnownFileType = text.plist.xml; path = Info.plist; sourceTree = "<group>"; };
/* End PBXFileReference section */

/* Begin PBXFrameworksBuildPhase section */
		F0E46F602372E7D800750491 /* Frameworks */ = {
			isa = PBXFrameworksBuildPhase;
			buildActionMask = 2147483647;
			files = (
			);
			runOnlyForDeploymentPostprocessing = 0;
		};
		F0E46F762372E7D900750491 /* Frameworks */ = {
			isa = PBXFrameworksBuildPhase;
			buildActionMask = 2147483647;
			files = (
			);
			runOnlyForDeploymentPostprocessing = 0;
		};
		F0E46F812372E7D900750491 /* Frameworks */ = {
			isa = PBXFrameworksBuildPhase;
			buildActionMask = 2147483647;
			files = (
			);
			runOnlyForDeploymentPostprocessing = 0;
		};
/* End PBXFrameworksBuildPhase section */

/* Begin PBXGroup section */
		F0E46F5A2372E7D800750491 = {
			isa = PBXGroup;
			children = (
				F0E46F652372E7D800750491 /* DouYuApp */,
				F0E46F7C2372E7D900750491 /* DouYuAppTests */,
				F0E46F872372E7D900750491 /* DouYuAppUITests */,
				F0E46F642372E7D800750491 /* Products */,
			);
			sourceTree = "<group>";
		};
		F0E46F642372E7D800750491 /* Products */ = {
			isa = PBXGroup;
			children = (
				F0E46F632372E7D800750491 /* DouYuApp.app */,
				F0E46F792372E7D900750491 /* DouYuAppTests.xctest */,
				F0E46F842372E7D900750491 /* DouYuAppUITests.xctest */,
			);
			name = Products;
			sourceTree = "<group>";
		};
		F0E46F652372E7D800750491 /* DouYuApp */ = {
			isa = PBXGroup;
			children = (
				F0E46F662372E7D800750491 /* AppDelegate.swift */,
				F0E46F682372E7D800750491 /* SceneDelegate.swift */,
				F0E46F6A2372E7D800750491 /* ViewController.swift */,
				F0E46F6C2372E7D800750491 /* Main.storyboard */,
				F0E46F6F2372E7D900750491 /* Assets.xcassets */,
				F0E46F712372E7D900750491 /* LaunchScreen.storyboard */,
				F0E46F742372E7D900750491 /* Info.plist */,
			);
			path = DouYuApp;
			sourceTree = "<group>";
		};
		F0E46F7C2372E7D900750491 /* DouYuAppTests */ = {
			isa = PBXGroup;
			children = (
				F0E46F7D2372E7D900750491 /* DouYuAppTests.swift */,
				F0E46F7F2372E7D900750491 /* Info.plist */,
			);
			path = DouYuAppTests;
			sourceTree = "<group>";
		};
		F0E46F872372E7D900750491 /* DouYuAppUITests */ = {
			isa = PBXGroup;
			children = (
				F0E46F882372E7D900750491 /* DouYuAppUITests.swift */,
				F0E46F8A2372E7D900750491 /* Info.plist */,
			);
			path = DouYuAppUITests;
			sourceTree = "<group>";
		};
/* End PBXGroup section */

/* Begin PBXNativeTarget section */
		F0E46F622372E7D800750491 /* DouYuApp */ = {
			isa = PBXNativeTarget;
			buildConfigurationList = F0E46F8D2372E7D900750491 /* Build configuration list for PBXNativeTarget "DouYuApp" */;
			buildPhases = (
				F0E46F5F2372E7D800750491 /* Sources */,
				F0E46F602372E7D800750491 /* Frameworks */,
				F0E46F612372E7D800750491 /* Resources */,
			);
			buildRules = (
			);
			dependencies = (
			);
			name = DouYuApp;
			productName = DouYuApp;
			productReference = F0E46F632372E7D800750491 /* DouYuApp.app */;
			productType = "com.apple.product-type.application";
		};
		F0E46F782372E7D900750491 /* DouYuAppTests */ = {
			isa = PBXNativeTarget;
			buildConfigurationList = F0E46F902372E7D900750491 /* Build configuration list for PBXNativeTarget "DouYuAppTests" */;
			buildPhases = (
				F0E46F752372E7D900750491 /* Sources */,
				F0E46F762372E7D900750491 /* Frameworks */,
				F0E46F772372E7D900750491 /* Resources */,
			);
			buildRules = (
			);
			dependencies = (
				F0E46F7B2372E7D900750491 /* PBXTargetDependency */,
			);
			name = DouYuAppTests;
			productName = DouYuAppTests;
			productReference = F0E46F792372E7D900750491 /* DouYuAppTests.xctest */;
			productType = "com.apple.product-type.bundle.unit-test";
		};
		F0E46F832372E7D900750491 /* DouYuAppUITests */ = {
			isa = PBXNativeTarget;
			buildConfigurationList = F0E46F932372E7D900750491 /* Build configuration list for PBXNativeTarget "DouYuAppUITests" */;
			buildPhases = (
				F0E46F802372E7D900750491 /* Sources */,
				F0E46F812372E7D900750491 /* Frameworks */,
				F0E46F822372E7D900750491 /* Resources */,
			);
			buildRules = (
			);
			dependencies = (
				F0E46F862372E7D900750491 /* PBXTargetDependency */,
			);
			name = DouYuAppUITests;
			productName = DouYuAppUITests;
			productReference = F0E46F842372E7D900750491 /* DouYuAppUITests.xctest */;
			productType = "com.apple.product-type.bundle.ui-testing";
		};
/* End PBXNativeTarget section */

/* Begin PBXProject section */
		F0E46F5B2372E7D800750491 /* Project object */ = {
			isa = PBXProject;
			attributes = {
				LastSwiftUpdateCheck = 1110;
				LastUpgradeCheck = 1110;
				ORGANIZATIONNAME = "苏孙专";
				TargetAttributes = {
					F0E46F622372E7D800750491 = {
						CreatedOnToolsVersion = 11.1;
					};
					F0E46F782372E7D900750491 = {
						CreatedOnToolsVersion = 11.1;
						TestTargetID = F0E46F622372E7D800750491;
					};
					F0E46F832372E7D900750491 = {
						CreatedOnToolsVersion = 11.1;
						TestTargetID = F0E46F622372E7D800750491;
					};
				};
			};
			buildConfigurationList = F0E46F5E2372E7D800750491 /* Build configuration list for PBXProject "DouYuApp" */;
			compatibilityVersion = "Xcode 9.3";
			developmentRegion = en;
			hasScannedForEncodings = 0;
			knownRegions = (
				en,
				Base,
			);
			mainGroup = F0E46F5A2372E7D800750491;
			productRefGroup = F0E46F642372E7D800750491 /* Products */;
			projectDirPath = "";
			projectRoot = "";
			targets = (
				F0E46F622372E7D800750491 /* DouYuApp */,
				F0E46F782372E7D900750491 /* DouYuAppTests */,
				F0E46F832372E7D900750491 /* DouYuAppUITests */,
			);
		};
/* End PBXProject section */

/* Begin PBXResourcesBuildPhase section */
		F0E46F612372E7D800750491 /* Resources */ = {
			isa = PBXResourcesBuildPhase;
			buildActionMask = 2147483647;
			files = (
				F0E46F732372E7D900750491 /* LaunchScreen.storyboard in Resources */,
				F0E46F702372E7D900750491 /* Assets.xcassets in Resources */,
				F0E46F6E2372E7D800750491 /* Main.storyboard in Resources */,
			);
			runOnlyForDeploymentPostprocessing = 0;
		};
		F0E46F772372E7D900750491 /* Resources */ = {
			isa = PBXResourcesBuildPhase;
			buildActionMask = 2147483647;
			files = (
			);
			runOnlyForDeploymentPostprocessing = 0;
		};
		F0E46F822372E7D900750491 /* Resources */ = {
			isa = PBXResourcesBuildPhase;
			buildActionMask = 2147483647;
			files = (
			);
			runOnlyForDeploymentPostprocessing = 0;
		};
/* End PBXResourcesBuildPhase section */

/* Begin PBXSourcesBuildPhase section */
		F0E46F5F2372E7D800750491 /* Sources */ = {
			isa = PBXSourcesBuildPhase;
			buildActionMask = 2147483647;
			files = (
				F0E46F6B2372E7D800750491 /* ViewController.swift in Sources */,
				F0E46F672372E7D800750491 /* AppDelegate.swift in Sources */,
				F0E46F692372E7D800750491 /* SceneDelegate.swift in Sources */,
			);
			runOnlyForDeploymentPostprocessing = 0;
		};
		F0E46F752372E7D900750491 /* Sources */ = {
			isa = PBXSourcesBuildPhase;
			buildActionMask = 2147483647;
			files = (
				F0E46F7E2372E7D900750491 /* DouYuAppTests.swift in Sources */,
			);
			runOnlyForDeploymentPostprocessing = 0;
		};
		F0E46F802372E7D900750491 /* Sources */ = {
			isa = PBXSourcesBuildPhase;
			buildActionMask = 2147483647;
			files = (
				F0E46F892372E7D900750491 /* DouYuAppUITests.swift in Sources */,
			);
			runOnlyForDeploymentPostprocessing = 0;
		};
/* End PBXSourcesBuildPhase section */

/* Begin PBXTargetDependency section */
		F0E46F7B2372E7D900750491 /* PBXTargetDependency */ = {
			isa = PBXTargetDependency;
			target = F0E46F622372E7D800750491 /* DouYuApp */;
			targetProxy = F0E46F7A2372E7D900750491 /* PBXContainerItemProxy */;
		};
		F0E46F862372E7D900750491 /* PBXTargetDependency */ = {
			isa = PBXTargetDependency;
			target = F0E46F622372E7D800750491 /* DouYuApp */;
			targetProxy = F0E46F852372E7D900750491 /* PBXContainerItemProxy */;
		};
/* End PBXTargetDependency section */

/* Begin PBXVariantGroup section */
		F0E46F6C2372E7D800750491 /* Main.storyboard */ = {
			isa = PBXVariantGroup;
			children = (
				F0E46F6D2372E7D800750491 /* Base */,
			);
			name = Main.storyboard;
			sourceTree = "<group>";
		};
		F0E46F712372E7D900750491 /* LaunchScreen.storyboard */ = {
			isa = PBXVariantGroup;
			children = (
				F0E46F722372E7D900750491 /* Base */,
			);
			name = LaunchScreen.storyboard;
			sourceTree = "<group>";
		};
/* End PBXVariantGroup section */

/* Begin XCBuildConfiguration section */
		F0E46F8B2372E7D900750491 /* Debug */ = {
			isa = XCBuildConfiguration;
			buildSettings = {
				ALWAYS_SEARCH_USER_PATHS = NO;
				CLANG_ANALYZER_NONNULL = YES;
				CLANG_ANALYZER_NUMBER_OBJECT_CONVERSION = YES_AGGRESSIVE;
				CLANG_CXX_LANGUAGE_STANDARD = "gnu++14";
				CLANG_CXX_LIBRARY = "libc++";
				CLANG_ENABLE_MODULES = YES;
				CLANG_ENABLE_OBJC_ARC = YES;
				CLANG_ENABLE_OBJC_WEAK = YES;
				CLANG_WARN_BLOCK_CAPTURE_AUTORELEASING = YES;
				CLANG_WARN_BOOL_CONVERSION = YES;
				CLANG_WARN_COMMA = YES;
				CLANG_WARN_CONSTANT_CONVERSION = YES;
				CLANG_WARN_DEPRECATED_OBJC_IMPLEMENTATIONS = YES;
				CLANG_WARN_DIRECT_OBJC_ISA_USAGE = YES_ERROR;
				CLANG_WARN_DOCUMENTATION_COMMENTS = YES;
				CLANG_WARN_EMPTY_BODY = YES;
				CLANG_WARN_ENUM_CONVERSION = YES;
				CLANG_WARN_INFINITE_RECURSION = YES;
				CLANG_WARN_INT_CONVERSION = YES;
				CLANG_WARN_NON_LITERAL_NULL_CONVERSION = YES;
				CLANG_WARN_OBJC_IMPLICIT_RETAIN_SELF = YES;
				CLANG_WARN_OBJC_LITERAL_CONVERSION = YES;
				CLANG_WARN_OBJC_ROOT_CLASS = YES_ERROR;
				CLANG_WARN_RANGE_LOOP_ANALYSIS = YES;
				CLANG_WARN_STRICT_PROTOTYPES = YES;
				CLANG_WARN_SUSPICIOUS_MOVE = YES;
				CLANG_WARN_UNGUARDED_AVAILABILITY = YES_AGGRESSIVE;
				CLANG_WARN_UNREACHABLE_CODE = YES;
				CLANG_WARN__DUPLICATE_METHOD_MATCH = YES;
				COPY_PHASE_STRIP = NO;
				DEBUG_INFORMATION_FORMAT = dwarf;
				ENABLE_STRICT_OBJC_MSGSEND = YES;
				ENABLE_TESTABILITY = YES;
				GCC_C_LANGUAGE_STANDARD = gnu11;
				GCC_DYNAMIC_NO_PIC = NO;
				GCC_NO_COMMON_BLOCKS = YES;
				GCC_OPTIMIZATION_LEVEL = 0;
				GCC_PREPROCESSOR_DEFINITIONS = (
					"DEBUG=1",
					"$(inherited)",
				);
				GCC_WARN_64_TO_32_BIT_CONVERSION = YES;
				GCC_WARN_ABOUT_RETURN_TYPE = YES_ERROR;
				GCC_WARN_UNDECLARED_SELECTOR = YES;
				GCC_WARN_UNINITIALIZED_AUTOS = YES_AGGRESSIVE;
				GCC_WARN_UNUSED_FUNCTION = YES;
				GCC_WARN_UNUSED_VARIABLE = YES;
				IPHONEOS_DEPLOYMENT_TARGET = 13.1;
				MTL_ENABLE_DEBUG_INFO = INCLUDE_SOURCE;
				MTL_FAST_MATH = YES;
				ONLY_ACTIVE_ARCH = YES;
				SDKROOT = iphoneos;
				SWIFT_ACTIVE_COMPILATION_CONDITIONS = DEBUG;
				SWIFT_OPTIMIZATION_LEVEL = "-Onone";
			};
			name = Debug;
		};
		F0E46F8C2372E7D900750491 /* Release */ = {
			isa = XCBuildConfiguration;
			buildSettings = {
				ALWAYS_SEARCH_USER_PATHS = NO;
				CLANG_ANALYZER_NONNULL = YES;
				CLANG_ANALYZER_NUMBER_OBJECT_CONVERSION = YES_AGGRESSIVE;
				CLANG_CXX_LANGUAGE_STANDARD = "gnu++14";
				CLANG_CXX_LIBRARY = "libc++";
				CLANG_ENABLE_MODULES = YES;
				CLANG_ENABLE_OBJC_ARC = YES;
				CLANG_ENABLE_OBJC_WEAK = YES;
				CLANG_WARN_BLOCK_CAPTURE_AUTORELEASING = YES;
				CLANG_WARN_BOOL_CONVERSION = YES;
				CLANG_WARN_COMMA = YES;
				CLANG_WARN_CONSTANT_CONVERSION = YES;
				CLANG_WARN_DEPRECATED_OBJC_IMPLEMENTATIONS = YES;
				CLANG_WARN_DIRECT_OBJC_ISA_USAGE = YES_ERROR;
				CLANG_WARN_DOCUMENTATION_COMMENTS = YES;
				CLANG_WARN_EMPTY_BODY = YES;
				CLANG_WARN_ENUM_CONVERSION = YES;
				CLANG_WARN_INFINITE_RECURSION = YES;
				CLANG_WARN_INT_CONVERSION = YES;
				CLANG_WARN_NON_LITERAL_NULL_CONVERSION = YES;
				CLANG_WARN_OBJC_IMPLICIT_RETAIN_SELF = YES;
				CLANG_WARN_OBJC_LITERAL_CONVERSION = YES;
				CLANG_WARN_OBJC_ROOT_CLASS = YES_ERROR;
				CLANG_WARN_RANGE_LOOP_ANALYSIS = YES;
				CLANG_WARN_STRICT_PROTOTYPES = YES;
				CLANG_WARN_SUSPICIOUS_MOVE = YES;
				CLANG_WARN_UNGUARDED_AVAILABILITY = YES_AGGRESSIVE;
				CLANG_WARN_UNREACHABLE_CODE = YES;
				CLANG_WARN__DUPLICATE_METHOD_MATCH = YES;
				COPY_PHASE_STRIP = NO;
				DEBUG_INFORMATION_FORMAT = "dwarf-with-dsym";
				ENABLE_NS_ASSERTIONS = NO;
				ENABLE_STRICT_OBJC_MSGSEND = YES;
				GCC_C_LANGUAGE_STANDARD = gnu11;
				GCC_NO_COMMON_BLOCKS = YES;
				GCC_WARN_64_TO_32_BIT_CONVERSION = YES;
				GCC_WARN_ABOUT_RETURN_TYPE = YES_ERROR;
				GCC_WARN_UNDECLARED_SELECTOR = YES;
				GCC_WARN_UNINITIALIZED_AUTOS = YES_AGGRESSIVE;
				GCC_WARN_UNUSED_FUNCTION = YES;
				GCC_WARN_UNUSED_VARIABLE = YES;
				IPHONEOS_DEPLOYMENT_TARGET = 13.1;
				MTL_ENABLE_DEBUG_INFO = NO;
				MTL_FAST_MATH = YES;
				SDKROOT = iphoneos;
				SWIFT_COMPILATION_MODE = wholemodule;
				SWIFT_OPTIMIZATION_LEVEL = "-O";
				VALIDATE_PRODUCT = YES;
			};
			name = Release;
		};
		F0E46F8E2372E7D900750491 /* Debug */ = {
			isa = XCBuildConfiguration;
			buildSettings = {
				ASSETCATALOG_COMPILER_APPICON_NAME = AppIcon;
				CODE_SIGN_STYLE = Automatic;
				DEVELOPMENT_TEAM = 22TF3GZR75;
				INFOPLIST_FILE = DouYuApp/Info.plist;
				LD_RUNPATH_SEARCH_PATHS = (
					"$(inherited)",
					"@executable_path/Frameworks",
				);
				PRODUCT_BUNDLE_IDENTIFIER = com.ssz.study.DouYuApp;
				PRODUCT_NAME = "$(TARGET_NAME)";
				SWIFT_VERSION = 5.0;
				TARGETED_DEVICE_FAMILY = "1,2";
			};
			name = Debug;
		};
		F0E46F8F2372E7D900750491 /* Release */ = {
			isa = XCBuildConfiguration;
			buildSettings = {
				ASSETCATALOG_COMPILER_APPICON_NAME = AppIcon;
				CODE_SIGN_STYLE = Automatic;
				DEVELOPMENT_TEAM = 22TF3GZR75;
				INFOPLIST_FILE = DouYuApp/Info.plist;
				LD_RUNPATH_SEARCH_PATHS = (
					"$(inherited)",
					"@executable_path/Frameworks",
				);
				PRODUCT_BUNDLE_IDENTIFIER = com.ssz.study.DouYuApp;
				PRODUCT_NAME = "$(TARGET_NAME)";
				SWIFT_VERSION = 5.0;
				TARGETED_DEVICE_FAMILY = "1,2";
			};
			name = Release;
		};
		F0E46F912372E7D900750491 /* Debug */ = {
			isa = XCBuildConfiguration;
			buildSettings = {
				ALWAYS_EMBED_SWIFT_STANDARD_LIBRARIES = YES;
				BUNDLE_LOADER = "$(TEST_HOST)";
				CODE_SIGN_STYLE = Automatic;
				DEVELOPMENT_TEAM = 22TF3GZR75;
				INFOPLIST_FILE = DouYuAppTests/Info.plist;
				IPHONEOS_DEPLOYMENT_TARGET = 13.1;
				LD_RUNPATH_SEARCH_PATHS = (
					"$(inherited)",
					"@executable_path/Frameworks",
					"@loader_path/Frameworks",
				);
				PRODUCT_BUNDLE_IDENTIFIER = com.ssz.study.DouYuAppTests;
				PRODUCT_NAME = "$(TARGET_NAME)";
				SWIFT_VERSION = 5.0;
				TARGETED_DEVICE_FAMILY = "1,2";
				TEST_HOST = "$(BUILT_PRODUCTS_DIR)/DouYuApp.app/DouYuApp";
			};
			name = Debug;
		};
		F0E46F922372E7D900750491 /* Release */ = {
			isa = XCBuildConfiguration;
			buildSettings = {
				ALWAYS_EMBED_SWIFT_STANDARD_LIBRARIES = YES;
				BUNDLE_LOADER = "$(TEST_HOST)";
				CODE_SIGN_STYLE = Automatic;
				DEVELOPMENT_TEAM = 22TF3GZR75;
				INFOPLIST_FILE = DouYuAppTests/Info.plist;
				IPHONEOS_DEPLOYMENT_TARGET = 13.1;
				LD_RUNPATH_SEARCH_PATHS = (
					"$(inherited)",
					"@executable_path/Frameworks",
					"@loader_path/Frameworks",
				);
				PRODUCT_BUNDLE_IDENTIFIER = com.ssz.study.DouYuAppTests;
				PRODUCT_NAME = "$(TARGET_NAME)";
				SWIFT_VERSION = 5.0;
				TARGETED_DEVICE_FAMILY = "1,2";
				TEST_HOST = "$(BUILT_PRODUCTS_DIR)/DouYuApp.app/DouYuApp";
			};
			name = Release;
		};
		F0E46F942372E7D900750491 /* Debug */ = {
			isa = XCBuildConfiguration;
			buildSettings = {
				ALWAYS_EMBED_SWIFT_STANDARD_LIBRARIES = YES;
				CODE_SIGN_STYLE = Automatic;
				DEVELOPMENT_TEAM = 22TF3GZR75;
				INFOPLIST_FILE = DouYuAppUITests/Info.plist;
				LD_RUNPATH_SEARCH_PATHS = (
					"$(inherited)",
					"@executable_path/Frameworks",
					"@loader_path/Frameworks",
				);
				PRODUCT_BUNDLE_IDENTIFIER = com.ssz.study.DouYuAppUITests;
				PRODUCT_NAME = "$(TARGET_NAME)";
				SWIFT_VERSION = 5.0;
				TARGETED_DEVICE_FAMILY = "1,2";
				TEST_TARGET_NAME = DouYuApp;
			};
			name = Debug;
		};
		F0E46F952372E7D900750491 /* Release */ = {
			isa = XCBuildConfiguration;
			buildSettings = {
				ALWAYS_EMBED_SWIFT_STANDARD_LIBRARIES = YES;
				CODE_SIGN_STYLE = Automatic;
				DEVELOPMENT_TEAM = 22TF3GZR75;
				INFOPLIST_FILE = DouYuAppUITests/Info.plist;
				LD_RUNPATH_SEARCH_PATHS = (
					"$(inherited)",
					"@executable_path/Frameworks",
					"@loader_path/Frameworks",
				);
				PRODUCT_BUNDLE_IDENTIFIER = com.ssz.study.DouYuAppUITests;
				PRODUCT_NAME = "$(TARGET_NAME)";
				SWIFT_VERSION = 5.0;
				TARGETED_DEVICE_FAMILY = "1,2";
				TEST_TARGET_NAME = DouYuApp;
			};
			name = Release;
		};
/* End XCBuildConfiguration section */

/* Begin XCConfigurationList section */
		F0E46F5E2372E7D800750491 /* Build configuration list for PBXProject "DouYuApp" */ = {
			isa = XCConfigurationList;
			buildConfigurations = (
				F0E46F8B2372E7D900750491 /* Debug */,
				F0E46F8C2372E7D900750491 /* Release */,
			);
			defaultConfigurationIsVisible = 0;
			defaultConfigurationName = Release;
		};
		F0E46F8D2372E7D900750491 /* Build configuration list for PBXNativeTarget "DouYuApp" */ = {
			isa = XCConfigurationList;
			buildConfigurations = (
				F0E46F8E2372E7D900750491 /* Debug */,
				F0E46F8F2372E7D900750491 /* Release */,
			);
			defaultConfigurationIsVisible = 0;
			defaultConfigurationName = Release;
		};
		F0E46F902372E7D900750491 /* Build configuration list for PBXNativeTarget "DouYuAppTests" */ = {
			isa = XCConfigurationList;
			buildConfigurations = (
				F0E46F912372E7D900750491 /* Debug */,
				F0E46F922372E7D900750491 /* Release */,
			);
			defaultConfigurationIsVisible = 0;
			defaultConfigurationName = Release;
		};
		F0E46F932372E7D900750491 /* Build configuration list for PBXNativeTarget "DouYuAppUITests" */ = {
			isa = XCConfigurationList;
			buildConfigurations = (
				F0E46F942372E7D900750491 /* Debug */,
				F0E46F952372E7D900750491 /* Release */,
			);
			defaultConfigurationIsVisible = 0;
			defaultConfigurationName = Release;
		};
/* End XCConfigurationList section */
	};
	rootObject = F0E46F5B2372E7D800750491 /* Project object */;
}
